
Microsoft Visual Studio Solution File, Format Version 12.00
# Visual Studio Version 16
VisualStudioVersion = 16.0.30717.126
MinimumVisualStudioVersion = 10.0.40219.1
Project("{FAE04EC0-301F-11D3-BF4B-00C04F79EFBC}") = "Lab02_Demo", "Lab02_Demo\Lab02_Demo.csproj", "{D2BDB76D-D50B-4F64-BDD3-7BDF1AF07D79}"
EndProject
Global
	GlobalSection(SolutionConfigurationPlatforms) = preSolution
		Debug|Any CPU = Debug|Any CPU
		Release|Any CPU = Release|Any CPU
	EndGlobalSection
	GlobalSection(ProjectConfigurationPlatforms) = postSolution
		{D2BDB76D-D50B-4F64-BDD3-7BDF1AF07D79}.Debug|Any CPU.ActiveCfg = Debug|Any CPU
		{D2BDB76D-D50B-4F64-BDD3-7BDF1AF07D79}.Debug|Any CPU.Build.0 = Debug|Any CPU
		{D2BDB76D-D50B-4F64-BDD3-7BDF1AF07D79}.Release|Any CPU.ActiveCfg = Release|Any CPU
		{D2BDB76D-D50B-4F64-BDD3-7BDF1AF07D79}.Release|Any CPU.Build.0 = Release|Any CPU
	EndGlobalSection
	GlobalSection(SolutionProperties) = preSolution
		HideSolutionNode = FALSE
	EndGlobalSection
	GlobalSection(ExtensibilityGlobals) = postSolution
		SolutionGuid = {2866C05A-DD51-4AD8-AF0C-4CE5C8467D55}
	EndGlobalSection
EndGlobal
